<?xml version="1.0" encoding="utf-8"?>
<Project ToolsVersion="4.0" xmlns="http://schemas.microsoft.com/developer/msbuild/2003">
  <ItemGroup>
    <Filter Include="Source Files">
      <UniqueIdentifier>{4FC737F1-C7A5-4376-A066-2A32D752A2FF}</UniqueIdentifier>
      <Extensions>cpp;c;cc;cxx;c++;cppm;ixx;def;odl;idl;hpj;bat;asm;asmx</Extensions>
    </Filter>
    <Filter Include="Header Files">
      <UniqueIdentifier>{93995380-89BD-4b04-88EB-625FBE52EBFB}</UniqueIdentifier>
      <Extensions>h;hh;hpp;hxx;h++;hm;inl;inc;ipp;xsd</Extensions>
    </Filter>
    <Filter Include="Resource Files">
      <UniqueIdentifier>{67DA6AB6-F800-4c08-8B7A-83BB121AAD01}</UniqueIdentifier>
      <Extensions>rc;ico;cur;bmp;dlg;rc2;rct;bin;rgs;gif;jpg;jpeg;jpe;resx;tiff;tif;png;wav;mfcribbon-ms</Extensions>
    </Filter>
    <Filter Include="Source Files\Exports">
      <UniqueIdentifier>{26fb8715-0c85-4af7-9fc5-cd7f4f47024c}</UniqueIdentifier>
    </Filter>
    <Filter Include="Header Files\Exports">
      <UniqueIdentifier>{0a0c9b89-cc90-4cd7-a51e-1c7ca44eec03}</UniqueIdentifier>
    </Filter>
    <Filter Include="Header Files\Memory Utilities">
      <UniqueIdentifier>{c153b9cb-cde7-42be-9d96-dfab392512d2}</UniqueIdentifier>
    </Filter>
    <Filter Include="Source Files\Patches">
      <UniqueIdentifier>{9757a244-77e8-42d2-b27f-8eb07342bf15}</UniqueIdentifier>
    </Filter>
    <Filter Include="Header Files\Patches">
      <UniqueIdentifier>{cedb2a92-2dfc-4210-a305-192194eb5841}</UniqueIdentifier>
    </Filter>
  </ItemGroup>
  <ItemGroup>
    <ClCompile Include="src\luaexport.cpp">
      <Filter>Source Files</Filter>
    </ClCompile>
    <ClCompile Include="src\Game\RenderEffects.cpp">
      <Filter>Source Files\Exports</Filter>
    </ClCompile>
    <ClCompile Include="src\Ogre\OgreNativeFontBridge.cpp">
      <Filter>Source Files</Filter>
    </ClCompile>
    <ClCompile Include="src\Ogre\OgreAnimationInventoryBridge.cpp">
      <Filter>Source Files\Exports</Filter>
    </ClCompile>
    <ClCompile Include="src\Patches\AiTargetSelect.cpp">
      <Filter>Source Files\Patches</Filter>
    </ClCompile>
    <ClCompile Include="src\UI\Overlay.cpp">
      <Filter>Source Files\Exports</Filter>
    </ClCompile>
    <ClCompile Include="src\Ogre\OgreOverlayElementOps.cpp">
      <Filter>Source Files\Exports</Filter>
    </ClCompile>
    <ClCompile Include="src\Ogre\OgreOverlayRuntime.cpp">
      <Filter>Source Files\Exports</Filter>
    </ClCompile>
    <ClCompile Include="src\UI\OverlaySuppression.cpp">
      <Filter>Source Files\Exports</Filter>
    </ClCompile>
    <ClCompile Include="src\UI\OverlayFontAssets.cpp">
      <Filter>Source Files\Exports</Filter>
    </ClCompile>
    <ClCompile Include="src\PublicAPI.cpp">
      <Filter>Source Files\Exports</Filter>
    </ClCompile>
    <ClCompile Include="src\Game\AnimationApi.cpp">
      <Filter>Source Files\Exports</Filter>
    </ClCompile>
    <ClCompile Include="src\Game\FirstPersonLayers.cpp">
      <Filter>Source Files\Exports</Filter>
    </ClCompile>
    <ClCompile Include="src\Game\DeathCamera.cpp">
      <Filter>Source Files\Exports</Filter>
    </ClCompile>
    <ClCompile Include="src\Game\PersonAnimBlend.cpp">
      <Filter>Source Files\Exports</Filter>
    </ClCompile>
    <ClCompile Include="src\Game\FirstPersonParticles.cpp">
      <Filter>Source Files\Exports</Filter>
    </ClCompile>
    <ClCompile Include="src\Game\PlayerTrigger.cpp">
      <Filter>Source Files\Exports</Filter>
    </ClCompile>
    <ClCompile Include="src\Game\FirstPersonTarget.cpp">
      <Filter>Source Files\Exports</Filter>
    </ClCompile>
    <ClCompile Include="src\Game\PilotAnimationPolicy.cpp">
      <Filter>Source Files\Exports</Filter>
    </ClCompile>
    <ClCompile Include="src\Game\PilotState.cpp">
      <Filter>Source Files\Exports</Filter>
    </ClCompile>
    <ClCompile Include="src\Game\PilotFsmIntercept.cpp">
      <Filter>Source Files\Exports</Filter>
    </ClCompile>
    <ClCompile Include="src\Game\ContinuityApi.cpp">
      <Filter>Source Files\Exports</Filter>
    </ClCompile>
    <ClCompile Include="src\Util\StorageApi.cpp">
      <Filter>Source Files\Exports</Filter>
    </ClCompile>
    <ClCompile Include="src\Util\StorageCodec.cpp">
      <Filter>Source Files\Exports</Filter>
    </ClCompile>
    <ClCompile Include="src\dllmain.cpp">
      <Filter>Source Files</Filter>
    </ClCompile>
    <ClCompile Include="src\Game\Environment.cpp">
      <Filter>Source Files\Exports</Filter>
    </ClCompile>
    <ClCompile Include="src\Ogre\OgreParticleAbi.cpp">
      <Filter>Source Files\Exports</Filter>
    </ClCompile>
    <ClCompile Include="src\Ogre\OgreSceneRuntime.cpp">
      <Filter>Source Files\Exports</Filter>
    </ClCompile>
    <ClCompile Include="src\Game\SceneDebug.cpp">
      <Filter>Source Files\Exports</Filter>
    </ClCompile>
    <ClCompile Include="src\Game\ViewportLightingMode.cpp">
      <Filter>Source Files\Exports</Filter>
    </ClCompile>
    <ClCompile Include="src\Game\ParticleBindings.cpp">
      <Filter>Source Files\Exports</Filter>
    </ClCompile>
    <ClCompile Include="src\Game\ParticleRuntime.cpp">
      <Filter>Source Files\Exports</Filter>
    </ClCompile>
    <ClCompile Include="src\Game\EnvironmentSky.cpp">
      <Filter>Source Files\Exports</Filter>
    </ClCompile>
    <ClCompile Include="src\Game\EnvironmentLighting.cpp">
      <Filter>Source Files\Exports</Filter>
    </ClCompile>
    <ClCompile Include="src\Game\EnvironmentLog.cpp">
      <Filter>Source Files\Exports</Filter>
    </ClCompile>
    <ClCompile Include="src\UI\Reticle.cpp">
      <Filter>Source Files\Exports</Filter>
    </ClCompile>
    <ClCompile Include="src\Game\Satellite.cpp">
      <Filter>Source Files\Exports</Filter>
    </ClCompile>
    <ClCompile Include="src\Game\ShellCasings.cpp">
      <Filter>Source Files\Exports</Filter>
    </ClCompile>
    <ClCompile Include="src\Game\StaticGeometry.cpp">
      <Filter>Source Files\Exports</Filter>
    </ClCompile>
    <ClCompile Include="src\Util\OS.cpp">
      <Filter>Source Files\Exports</Filter>
    </ClCompile>
    <ClCompile Include="src\UI\Radar.cpp">
      <Filter>Source Files\Exports</Filter>
    </ClCompile>
    <ClCompile Include="src\UI\ControlPanel.cpp">
      <Filter>Source Files\Exports</Filter>
    </ClCompile>
    <ClCompile Include="src\UI\NativeHud.cpp">
      <Filter>Source Files\Exports</Filter>
    </ClCompile>
    <ClCompile Include="src\UI\NativeHudLua.cpp">
      <Filter>Source Files\Exports</Filter>
    </ClCompile>
    <ClCompile Include="src\Patches\BulletHitCallback.cpp">
      <Filter>Source Files\Patches</Filter>
    </ClCompile>
    <ClCompile Include="src\Game\GameObject.cpp">
      <Filter>Source Files\Exports</Filter>
    </ClCompile>
    <ClCompile Include="src\Ogre\OgreEntityRuntime.cpp">
      <Filter>Source Files\Exports</Filter>
    </ClCompile>
    <ClCompile Include="src\Ogre\OgreMaterialRuntime.cpp">
      <Filter>Source Files\Exports</Filter>
    </ClCompile>
    <ClCompile Include="src\Game\EntityRenderApi.cpp">
      <Filter>Source Files\Exports</Filter>
    </ClCompile>
    <ClCompile Include="src\Game\MaterialApi.cpp">
      <Filter>Source Files\Exports</Filter>
    </ClCompile>
    <ClCompile Include="src\Game\TerrainTrn.cpp">
      <Filter>Source Files\Exports</Filter>
    </ClCompile>
    <ClCompile Include="src\Game\AiInspection.cpp">
      <Filter>Source Files\Exports</Filter>
    </ClCompile>
    <ClCompile Include="src\Game\GameObjectHandle.cpp">
      <Filter>Source Files\Exports</Filter>
    </ClCompile>
    <ClCompile Include="src\Game\game_state.cpp">
      <Filter>Source Files\Exports</Filter>
    </ClCompile>
    <ClCompile Include="src\Game\Multiplayer.cpp">
      <Filter>Source Files\Exports</Filter>
    </ClCompile>
    <ClCompile Include="src\Util\PlayOption.cpp">
      <Filter>Source Files\Exports</Filter>
    </ClCompile>
    <ClCompile Include="src\StockExtensions.cpp">
      <Filter>Source Files\Exports</Filter>
    </ClCompile>
    <ClCompile Include="src\Game\Ordnance.cpp">
      <Filter>Source Files\Exports</Filter>
    </ClCompile>
    <ClCompile Include="src\Util\SoundOptions.cpp">
      <Filter>Source Files\Exports</Filter>
    </ClCompile>
    <ClCompile Include="src\Util\Soundtrack.cpp">
      <Filter>Source Files\Exports</Filter>
    </ClCompile>
    <ClCompile Include="src\Patches\ScreenFlash.cpp">
      <Filter>Source Files\Patches</Filter>
    </ClCompile>
    <ClCompile Include="src\Patches\StatusHud.cpp">
      <Filter>Source Files\Patches</Filter>
    </ClCompile>
    <ClCompile Include="src\Patches\ShotConvergence.cpp">
      <Filter>Source Files\Patches</Filter>
    </ClCompile>
    <ClCompile Include="src\Patches\GlobalTurbo.cpp">
      <Filter>Source Files\Patches</Filter>
    </ClCompile>
    <ClCompile Include="src\Game\Steam.cpp">
      <Filter>Source Files\Exports</Filter>
    </ClCompile>
    <ClCompile Include="src\Util\IO.cpp">
      <Filter>Source Files\Exports</Filter>
    </ClCompile>
    <ClCompile Include="src\Game\Camera.cpp">
      <Filter>Source Files\Exports</Filter>
    </ClCompile>
    <ClCompile Include="src\Patches\Cheats.cpp">
      <Filter>Source Files\Patches</Filter>
    </ClCompile>
    <ClCompile Include="src\Game\CommandReplacement.cpp">
      <Filter>Source Files\Exports</Filter>
    </ClCompile>
    <ClCompile Include="src\Game\Culling.cpp">
      <Filter>Source Files\Exports</Filter>
    </ClCompile>
    <ClCompile Include="src\Patches\BulletInitCallback.cpp">
      <Filter>Source Files\Patches</Filter>
    </ClCompile>
    <ClCompile Include="src\Patches\OrdnanceVelocity.cpp">
      <Filter>Source Files\Patches</Filter>
    </ClCompile>
    <ClCompile Include="src\Patches\AddScrapCallback.cpp">
      <Filter>Source Files\Patches</Filter>
    </ClCompile>
    <ClCompile Include="src\Util\GraphicsOptions.cpp">
      <Filter>Source Files\Exports</Filter>
    </ClCompile>
    <ClCompile Include="src\Patches\KillMessages.cpp">
      <Filter>Source Files\Patches</Filter>
    </ClCompile>
    <ClCompile Include="src\Patches\EngineFlameColor.cpp">
      <Filter>Source Files\Patches</Filter>
    </ClCompile>
    <ClCompile Include="src\Patches\UnitVo.cpp">
      <Filter>Source Files\Patches</Filter>
    </ClCompile>
    <ClCompile Include="src\Patches\AiHudBridges.cpp">
      <Filter>Source Files\Patches</Filter>
    </ClCompile>
    <ClCompile Include="src\UI\Renderer.cpp">
      <Filter>Source Files\Exports</Filter>
    </ClCompile>
    <ClCompile Include="src\Patches\WeaponMask.cpp">
      <Filter>Source Files\Patches</Filter>
    </ClCompile>
  </ItemGroup>
  <ItemGroup>
    <ClInclude Include="src\About.h">
      <Filter>Header Files</Filter>
    </ClInclude>
    <ClInclude Include="src\bzr.h">
      <Filter>Header Files</Filter>
    </ClInclude>
    <ClInclude Include="src\Util\OS.h">
      <Filter>Header Files\Exports</Filter>
    </ClInclude>
    <ClInclude Include="src\Util\Vec3.h">
      <Filter>Header Files</Filter>
    </ClInclude>
    <ClInclude Include="src\Game\AnimationApi.h">
      <Filter>Header Files\Exports</Filter>
    </ClInclude>
    <ClInclude Include="src\Game\FirstPersonLayers.h">
      <Filter>Header Files\Exports</Filter>
    </ClInclude>
    <ClInclude Include="src\Game\DeathCamera.h">
      <Filter>Header Files\Exports</Filter>
    </ClInclude>
    <ClInclude Include="src\Game\PersonAnimBlend.h">
      <Filter>Header Files\Exports</Filter>
    </ClInclude>
    <ClInclude Include="src\Game\FirstPersonParticles.h">
      <Filter>Header Files\Exports</Filter>
    </ClInclude>
    <ClInclude Include="src\Game\PlayerTrigger.h">
      <Filter>Header Files\Exports</Filter>
    </ClInclude>
    <ClInclude Include="src\Game\FirstPersonTarget.h">
      <Filter>Header Files\Exports</Filter>
    </ClInclude>
    <ClInclude Include="src\Game\ContinuityApi.h">
      <Filter>Header Files\Exports</Filter>
    </ClInclude>
    <ClInclude Include="src\Game\RenderEffects.h">
      <Filter>Header Files\Exports</Filter>
    </ClInclude>
    <ClInclude Include="src\Game\RenderEffectNames.h">
      <Filter>Header Files\Exports</Filter>
    </ClInclude>
    <ClInclude Include="src\RenderEffectBridge.h">
      <Filter>Header Files</Filter>
    </ClInclude>
    <ClInclude Include="src\RenderProfileBridge.h">
      <Filter>Header Files</Filter>
    </ClInclude>
    <ClInclude Include="src\Ogre\OgreBuildSettings.h">
      <Filter>Header Files</Filter>
    </ClInclude>
    <ClInclude Include="src\Ogre\OgreMaterialShim.h">
      <Filter>Header Files</Filter>
    </ClInclude>
    <ClInclude Include="src\Ogre\OgreNativeFontBridge.h">
      <Filter>Header Files</Filter>
    </ClInclude>
    <ClInclude Include="src\Ogre\OgreAnimationInventoryBridge.h">
      <Filter>Header Files\Exports</Filter>
    </ClInclude>
    <ClInclude Include="src\Ogre\OgreOverlayShim.h">
      <Filter>Header Files</Filter>
    </ClInclude>
    <ClInclude Include="src\Ogre\OgreParameterValue.h">
      <Filter>Header Files</Filter>
    </ClInclude>
    <ClInclude Include="src\Ogre\OgreSceneManagerShim.h">
      <Filter>Header Files</Filter>
    </ClInclude>
    <ClInclude Include="src\Ogre\OgreStringInterfaceShim.h">
      <Filter>Header Files</Filter>
    </ClInclude>
    <ClInclude Include="src\Patches\AiTargetSelect.h">
      <Filter>Header Files\Patches</Filter>
    </ClInclude>
    <ClInclude Include="src\Patches\ShotConvergenceMath.h">
      <Filter>Header Files\Patches</Filter>
    </ClInclude>
    <ClInclude Include="src\UI\Overlay.h">
      <Filter>Header Files\Exports</Filter>
    </ClInclude>
    <ClInclude Include="src\Ogre\OgreOverlayElementOps.h">
      <Filter>Header Files\Exports</Filter>
    </ClInclude>
    <ClInclude Include="src\Ogre\OgreOverlayRuntime.h">
      <Filter>Header Files\Exports</Filter>
    </ClInclude>
    <ClInclude Include="src\UI\OverlayInternal.h">
      <Filter>Header Files\Exports</Filter>
    </ClInclude>
    <ClInclude Include="src\Util\BuildValidation.h">
      <Filter>Header Files\Memory Utilities</Filter>
    </ClInclude>
    <ClInclude Include="src\Util\FiniteCheck.h">
      <Filter>Header Files\Memory Utilities</Filter>
    </ClInclude>
    <ClInclude Include="src\Util\AsciiString.h">
      <Filter>Header Files\Memory Utilities</Filter>
    </ClInclude>
    <ClInclude Include="src\Util\ModulePath.h">
      <Filter>Header Files\Memory Utilities</Filter>
    </ClInclude>
    <ClInclude Include="src\Util\MsvcRtti.h">
      <Filter>Header Files\Memory Utilities</Filter>
    </ClInclude>
    <ClInclude Include="src\Util\BzrBuildProfile.generated.h">
      <Filter>Header Files\Memory Utilities</Filter>
    </ClInclude>
    <ClInclude Include="src\Util\EngineAddresses.generated.h">
      <Filter>Header Files\Memory Utilities</Filter>
    </ClInclude>
    <ClInclude Include="src\Util\Logging.h">
      <Filter>Header Files</Filter>
    </ClInclude>
    <ClInclude Include="src\Util\SehGuard.h">
      <Filter>Header Files</Filter>
    </ClInclude>
    <ClInclude Include="src\Util\RuntimeGate.h">
      <Filter>Header Files\Memory Utilities</Filter>
    </ClInclude>
    <ClInclude Include="src\Util\NativeSaveFlag.h">
      <Filter>Header Files\Exports</Filter>
    </ClInclude>
    <ClInclude Include="src\Util\SavePathPolicy.h">
      <Filter>Header Files\Exports</Filter>
    </ClInclude>
    <ClInclude Include="src\Util\PatternMatch.h">
      <Filter>Header Files\Memory Utilities</Filter>
    </ClInclude>
    <ClInclude Include="src\Util\SignatureResolver.h">
      <Filter>Header Files\Memory Utilities</Filter>
    </ClInclude>
    <ClInclude Include="src\Util\StorageApi.h">
      <Filter>Header Files\Exports</Filter>
    </ClInclude>
    <ClInclude Include="src\Util\StorageCodec.h">
      <Filter>Header Files\Exports</Filter>
    </ClInclude>
    <ClInclude Include="src\LuaState.h">
      <Filter>Header Files</Filter>
    </ClInclude>
    <ClInclude Include="src\OpenShimBridge.h">
      <Filter>Header Files</Filter>
    </ClInclude>
    <ClInclude Include="src\Game\Environment.h">
      <Filter>Header Files\Exports</Filter>
    </ClInclude>
    <ClInclude Include="src\Ogre\OgreParticleAbi.h">
      <Filter>Header Files\Exports</Filter>
    </ClInclude>
    <ClInclude Include="src\Ogre\OgreSceneRuntime.h">
      <Filter>Header Files\Exports</Filter>
    </ClInclude>
    <ClInclude Include="src\Game\EnvironmentLog.h">
      <Filter>Header Files\Exports</Filter>
    </ClInclude>
    <ClInclude Include="src\Game\EnvironmentInternal.h">
      <Filter>Header Files\Exports</Filter>
    </ClInclude>
    <ClInclude Include="include\ExtraUtils.h">
      <Filter>Header Files\Exports</Filter>
    </ClInclude>
    <ClInclude Include="src\Hook.h">
      <Filter>Header Files\Memory Utilities</Filter>
    </ClInclude>
    <ClInclude Include="src\Scanner.h">
      <Filter>Header Files\Memory Utilities</Filter>
    </ClInclude>
    <ClInclude Include="src\UI\Reticle.h">
      <Filter>Header Files\Exports</Filter>
    </ClInclude>
    <ClInclude Include="src\Game\Satellite.h">
      <Filter>Header Files\Exports</Filter>
    </ClInclude>
    <ClInclude Include="src\Game\ShellCasings.h">
      <Filter>Header Files\Exports</Filter>
    </ClInclude>
    <ClInclude Include="src\Game\ShellCasingMath.h">
      <Filter>Header Files\Exports</Filter>
    </ClInclude>
    <ClInclude Include="src\Game\StaticGeometry.h">
      <Filter>Header Files\Exports</Filter>
    </ClInclude>
    <ClInclude Include="src\Exports.h">
      <Filter>Header Files</Filter>
    </ClInclude>
    <ClInclude Include="src\LuaCppBarrier.h">
      <Filter>Header Files</Filter>
    </ClInclude>
    <ClInclude Include="src\LuaHelpers.h">
      <Filter>Header Files</Filter>
    </ClInclude>
    <ClInclude Include="src\UI\ControlPanel.h">
      <Filter>Header Files\Exports</Filter>
    </ClInclude>
    <ClInclude Include="src\UI\NativeHud.h">
      <Filter>Header Files\Exports</Filter>
    </ClInclude>
    <ClInclude Include="src\UI\NativeHudControls.h">
      <Filter>Header Files\Exports</Filter>
    </ClInclude>
    <ClInclude Include="src\UI\Radar.h">
      <Filter>Header Files\Exports</Filter>
    </ClInclude>
    <ClInclude Include="src\UI\Renderer.h">
      <Filter>Header Files\Exports</Filter>
    </ClInclude>
    <ClInclude Include="src\BasicPatch.h">
      <Filter>Header Files\Memory Utilities</Filter>
    </ClInclude>
    <ClInclude Include="src\InlinePatch.h">
      <Filter>Header Files\Memory Utilities</Filter>
    </ClInclude>
    <ClInclude Include="src\Patches.h">
      <Filter>Header Files</Filter>
    </ClInclude>
    <ClInclude Include="src\Game\GameObject.h">
      <Filter>Header Files\Exports</Filter>
    </ClInclude>
    <ClInclude Include="src\Game\PilotAnimationPolicy.h">
      <Filter>Header Files\Exports</Filter>
    </ClInclude>
    <ClInclude Include="src\Game\PilotAnimationProfile.h">
      <Filter>Header Files\Exports</Filter>
    </ClInclude>
    <ClInclude Include="src\Game\PilotState.h">
      <Filter>Header Files\Exports</Filter>
    </ClInclude>
    <ClInclude Include="src\Game\PilotStateSemantics.h">
      <Filter>Header Files\Exports</Filter>
    </ClInclude>
    <ClInclude Include="src\Game\PilotFsmIntercept.h">
      <Filter>Header Files\Exports</Filter>
    </ClInclude>
    <ClInclude Include="src\Game\PilotTrace.h">
      <Filter>Header Files\Exports</Filter>
    </ClInclude>
    <ClInclude Include="src\Game\PilotTransitionTiming.h">
      <Filter>Header Files\Exports</Filter>
    </ClInclude>
    <ClInclude Include="src\EntryDetour32.h">
      <Filter>Header Files\Memory Utilities</Filter>
    </ClInclude>
    <ClInclude Include="src\Ogre\OgreEntityRuntime.h">
      <Filter>Header Files\Exports</Filter>
    </ClInclude>
    <ClInclude Include="src\Ogre\OgreMaterialRuntime.h">
      <Filter>Header Files\Exports</Filter>
    </ClInclude>
    <ClInclude Include="src\Game\GameObjectInternal.h">
      <Filter>Header Files\Exports</Filter>
    </ClInclude>
    <ClInclude Include="src\Game\GameObjectHandle.h">
      <Filter>Header Files\Exports</Filter>
    </ClInclude>
    <ClInclude Include="src\Game\game_state.h">
      <Filter>Header Files\Exports</Filter>
    </ClInclude>
    <ClInclude Include="src\Game\Multiplayer.h">
      <Filter>Header Files\Exports</Filter>
    </ClInclude>
    <ClInclude Include="src\Util\PlayOption.h">
      <Filter>Header Files\Exports</Filter>
    </ClInclude>
    <ClInclude Include="src\StockExtensions.h">
      <Filter>Header Files\Exports</Filter>
    </ClInclude>
    <ClInclude Include="src\Game\Ordnance.h">
      <Filter>Header Files\Exports</Filter>
    </ClInclude>
    <ClInclude Include="src\Util\SoundOptions.h">
      <Filter>Header Files\Exports</Filter>
    </ClInclude>
    <ClInclude Include="src\Util\Soundtrack.h">
      <Filter>Header Files\Exports</Filter>
    </ClInclude>
    <ClInclude Include="src\Util\MusicFade.h">
      <Filter>Header Files\Exports</Filter>
    </ClInclude>
    <ClInclude Include="src\BasicScanner.h">
      <Filter>Header Files\Memory Utilities</Filter>
    </ClInclude>
    <ClInclude Include="src\Patches\ScreenFlash.h">
      <Filter>Header Files\Patches</Filter>
    </ClInclude>
    <ClInclude Include="src\Patches\StatusHud.h">
      <Filter>Header Files\Patches</Filter>
    </ClInclude>
    <ClInclude Include="src\Patches\ShotConvergence.h">
      <Filter>Header Files\Patches</Filter>
    </ClInclude>
    <ClInclude Include="src\Patches\GlobalTurbo.h">
      <Filter>Header Files\Patches</Filter>
    </ClInclude>
    <ClInclude Include="src\Patches\TurboGate.h">
      <Filter>Header Files\Patches</Filter>
    </ClInclude>
    <ClInclude Include="src\Patches\TurboGateThunk.h">
      <Filter>Header Files\Patches</Filter>
    </ClInclude>
    <ClInclude Include="src\Game\Steam.h">
      <Filter>Header Files\Exports</Filter>
    </ClInclude>
    <ClInclude Include="src\Util\IO.h">
      <Filter>Header Files\Exports</Filter>
    </ClInclude>
    <ClInclude Include="src\Game\Camera.h">
      <Filter>Header Files\Exports</Filter>
    </ClInclude>
    <ClInclude Include="src\Patches\Cheats.h">
      <Filter>Header Files\Patches</Filter>
    </ClInclude>
    <ClInclude Include="src\Game\CommandReplacement.h">
      <Filter>Header Files\Exports</Filter>
    </ClInclude>
    <ClInclude Include="src\Game\Culling.h">
      <Filter>Header Files\Exports</Filter>
    </ClInclude>
    <ClInclude Include="src\Patches\OrdnanceVelocity.h">
      <Filter>Header Files\Patches</Filter>
    </ClInclude>
    <ClInclude Include="src\Ogre\Ogre.h">
      <Filter>Header Files</Filter>
    </ClInclude>
    <ClInclude Include="src\Ogre\OgreRenderSpace.h">
      <Filter>Header Files</Filter>
    </ClInclude>
    <ClInclude Include="src\Ogre\OgreRenderOrigin.h">
      <Filter>Header Files</Filter>
    </ClInclude>
    <ClInclude Include="src\Ogre\OgreProc.h">
      <Filter>Header Files</Filter>
    </ClInclude>
    <ClInclude Include="src\Patches\AddScrapCallback.h">
      <Filter>Header Files\Patches</Filter>
    </ClInclude>
    <ClInclude Include="src\Util\GraphicsOptions.h">
      <Filter>Header Files\Exports</Filter>
    </ClInclude>
    <ClInclude Include="src\Patches\KillMessages.h">
      <Filter>Header Files\Patches</Filter>
    </ClInclude>
    <ClInclude Include="src\Patches\EngineFlameColor.h">
      <Filter>Header Files\Patches</Filter>
    </ClInclude>
    <ClInclude Include="src\Patches\UnitVo.h">
      <Filter>Header Files\Patches</Filter>
    </ClInclude>
    <ClInclude Include="src\Patches\AiHudBridges.h">
      <Filter>Header Files\Patches</Filter>
    </ClInclude>
    <ClInclude Include="src\Patches\WeaponMask.h">
      <Filter>Header Files\Patches</Filter>
    </ClInclude>
    <ClInclude Include="Resource\resource.h">
      <Filter>Resource Files</Filter>
    </ClInclude>
  </ItemGroup>
  <ItemGroup>
    <ResourceCompile Include="Resource\Resource.rc">
      <Filter>Resource Files</Filter>
    </ResourceCompile>
  </ItemGroup>
</Project>
